
Microsoft Visual Studio Solution File, Format Version 12.00
# Visual Studio Version 17
VisualStudioVersion = 17.5.002.0
MinimumVisualStudioVersion = 10.0.40219.1
Project("{2150E333-8FDC-42A3-9474-1A3956D46DE8}") = "week01", "week01", "{D0DA0BE2-C895-452A-A885-F70FDE96F249}"
EndProject
Project("{9A19103F-16F7-4668-BE54-9A1E7A4F7556}") = "code", "week01\code\code.csproj", "{75C7EE9F-486B-47D9-912B-32848AFE5A5A}"
EndProject
Project("{9A19103F-16F7-4668-BE54-9A1E7A4F7556}") = "analyze", "week01\analyze\analyze.csproj", "{D9BA82C0-6850-49D2-909E-81E830447D95}"
EndProject
Project("{9A19103F-16F7-4668-BE54-9A1E7A4F7556}") = "teach", "week01\teach\teach.csproj", "{512CBAD5-C403-4102-8C6D-4406B0E7A8C6}"
EndProject
Project("{2150E333-8FDC-42A3-9474-1A3956D46DE8}") = "week06", "week06", "{EAC8E700-9B2A-4E7E-A8A8-A887A604E29F}"
EndProject
Project("{9A19103F-16F7-4668-BE54-9A1E7A4F7556}") = "code", "week06\code\code.csproj", "{E86C9EA4-32AF-40DC-B78A-DF003BB93DBE}"
EndProject
Project("{2150E333-8FDC-42A3-9474-1A3956D46DE8}") = "sandbox", "sandbox", "{2BB8E668-6B15-452B-8059-07F1837CB796}"
EndProject
Project("{9A19103F-16F7-4668-BE54-9A1E7A4F7556}") = "sandbox_project", "sandbox\sandbox_project\sandbox_project.csproj", "{DB120688-BF43-40D2-9A35-908ED79B879E}"
EndProject
Project("{2150E333-8FDC-42A3-9474-1A3956D46DE8}") = "week05", "week05", "{FC146E41-1DFC-4A0A-BB94-C4D36D6B35CE}"
EndProject
Project("{9A19103F-16F7-4668-BE54-9A1E7A4F7556}") = "code", "week05\code\code.csproj", "{4CBDBD8B-16DC-459C-A923-2C4AEACD2E12}"
EndProject
Project("{2150E333-8FDC-42A3-9474-1A3956D46DE8}") = "week02", "week02", "{0E199412-0BF1-4E76-BD70-3A739A0438FF}"
EndProject
Project("{9A19103F-16F7-4668-BE54-9A1E7A4F7556}") = "learn", "week02\learn\learn.csproj", "{FE433501-A52C-4F68-949C-D7F796467930}"
EndProject
Project("{9A19103F-16F7-4668-BE54-9A1E7A4F7556}") = "code", "week02\code\code.csproj", "{7E326EAA-4C98-4117-984F-30D6E402D7B6}"
EndProject
Project("{9A19103F-16F7-4668-BE54-9A1E7A4F7556}") = "analyze", "week02\analyze\analyze.csproj", "{B7B549F1-342A-4397-AA52-07681B029AC7}"
EndProject
Project("{9A19103F-16F7-4668-BE54-9A1E7A4F7556}") = "teach", "week02\teach\teach.csproj", "{3DE0581F-A455-4AF6-A29F-9F358F837152}"
EndProject
Project("{2150E333-8FDC-42A3-9474-1A3956D46DE8}") = "week03", "week03", "{5BAF6D61-1DAC-4A2C-978A-3FB237BBC79E}"
EndProject
Project("{9A19103F-16F7-4668-BE54-9A1E7A4F7556}") = "learn", "week03\learn\learn.csproj", "{BB071AB8-6302-415B-A8AF-B325FE2D7C37}"
EndProject
Project("{9A19103F-16F7-4668-BE54-9A1E7A4F7556}") = "code", "week03\code\code.csproj", "{89FC13D4-7261-4C1B-8359-D0666B289336}"
EndProject
Project("{9A19103F-16F7-4668-BE54-9A1E7A4F7556}") = "teach", "week03\teach\teach.csproj", "{EBAF97A7-1163-407C-A3F1-9C37202631C1}"
EndProject
Project("{2150E333-8FDC-42A3-9474-1A3956D46DE8}") = "week04", "week04", "{AFB6B5EB-5E7C-4D95-AA03-A85B7B62F7D4}"
EndProject
Project("{9A19103F-16F7-4668-BE54-9A1E7A4F7556}") = "code", "week04\code\code.csproj", "{F069ECE1-2DEE-4568-BA74-5BFF637DD37A}"
EndProject
Global
	GlobalSection(SolutionConfigurationPlatforms) = preSolution
		Debug|Any CPU = Debug|Any CPU
		Release|Any CPU = Release|Any CPU
	EndGlobalSection
	GlobalSection(ProjectConfigurationPlatforms) = postSolution
		{75C7EE9F-486B-47D9-912B-32848AFE5A5A}.Debug|Any CPU.ActiveCfg = Debug|Any CPU
		{75C7EE9F-486B-47D9-912B-32848AFE5A5A}.Debug|Any CPU.Build.0 = Debug|Any CPU
		{75C7EE9F-486B-47D9-912B-32848AFE5A5A}.Release|Any CPU.ActiveCfg = Release|Any CPU
		{75C7EE9F-486B-47D9-912B-32848AFE5A5A}.Release|Any CPU.Build.0 = Release|Any CPU
		{D9BA82C0-6850-49D2-909E-81E830447D95}.Debug|Any CPU.ActiveCfg = Debug|Any CPU
		{D9BA82C0-6850-49D2-909E-81E830447D95}.Debug|Any CPU.Build.0 = Debug|Any CPU
		{D9BA82C0-6850-49D2-909E-81E830447D95}.Release|Any CPU.ActiveCfg = Release|Any CPU
		{D9BA82C0-6850-49D2-909E-81E830447D95}.Release|Any CPU.Build.0 = Release|Any CPU
		{512CBAD5-C403-4102-8C6D-4406B0E7A8C6}.Debug|Any CPU.ActiveCfg = Debug|Any CPU
		{512CBAD5-C403-4102-8C6D-4406B0E7A8C6}.Debug|Any CPU.Build.0 = Debug|Any CPU
		{512CBAD5-C403-4102-8C6D-4406B0E7A8C6}.Release|Any CPU.ActiveCfg = Release|Any CPU
		{512CBAD5-C403-4102-8C6D-4406B0E7A8C6}.Release|Any CPU.Build.0 = Release|Any CPU
		{E86C9EA4-32AF-40DC-B78A-DF003BB93DBE}.Debug|Any CPU.ActiveCfg = Debug|Any CPU
		{E86C9EA4-32AF-40DC-B78A-DF003BB93DBE}.Debug|Any CPU.Build.0 = Debug|Any CPU
		{E86C9EA4-32AF-40DC-B78A-DF003BB93DBE}.Release|Any CPU.ActiveCfg = Release|Any CPU
		{E86C9EA4-32AF-40DC-B78A-DF003BB93DBE}.Release|Any CPU.Build.0 = Release|Any CPU
		{DB120688-BF43-40D2-9A35-908ED79B879E}.Debug|Any CPU.ActiveCfg = Debug|Any CPU
		{DB120688-BF43-40D2-9A35-908ED79B879E}.Debug|Any CPU.Build.0 = Debug|Any CPU
		{DB120688-BF43-40D2-9A35-908ED79B879E}.Release|Any CPU.ActiveCfg = Release|Any CPU
		{DB120688-BF43-40D2-9A35-908ED79B879E}.Release|Any CPU.Build.0 = Release|Any CPU
		{4CBDBD8B-16DC-459C-A923-2C4AEACD2E12}.Debug|Any CPU.ActiveCfg = Debug|Any CPU
		{4CBDBD8B-16DC-459C-A923-2C4AEACD2E12}.Debug|Any CPU.Build.0 = Debug|Any CPU
		{4CBDBD8B-16DC-459C-A923-2C4AEACD2E12}.Release|Any CPU.ActiveCfg = Release|Any CPU
		{4CBDBD8B-16DC-459C-A923-2C4AEACD2E12}.Release|Any CPU.Build.0 = Release|Any CPU
		{FE433501-A52C-4F68-949C-D7F796467930}.Debug|Any CPU.ActiveCfg = Debug|Any CPU
		{FE433501-A52C-4F68-949C-D7F796467930}.Debug|Any CPU.Build.0 = Debug|Any CPU
		{FE433501-A52C-4F68-949C-D7F796467930}.Release|Any CPU.ActiveCfg = Release|Any CPU
		{FE433501-A52C-4F68-949C-D7F796467930}.Release|Any CPU.Build.0 = Release|Any CPU
		{7E326EAA-4C98-4117-984F-30D6E402D7B6}.Debug|Any CPU.ActiveCfg = Debug|Any CPU
		{7E326EAA-4C98-4117-984F-30D6E402D7B6}.Debug|Any CPU.Build.0 = Debug|Any CPU
		{7E326EAA-4C98-4117-984F-30D6E402D7B6}.Release|Any CPU.ActiveCfg = Release|Any CPU
		{7E326EAA-4C98-4117-984F-30D6E402D7B6}.Release|Any CPU.Build.0 = Release|Any CPU
		{B7B549F1-342A-4397-AA52-07681B029AC7}.Debug|Any CPU.ActiveCfg = Debug|Any CPU
		{B7B549F1-342A-4397-AA52-07681B029AC7}.Debug|Any CPU.Build.0 = Debug|Any CPU
		{B7B549F1-342A-4397-AA52-07681B029AC7}.Release|Any CPU.ActiveCfg = Release|Any CPU
		{B7B549F1-342A-4397-AA52-07681B029AC7}.Release|Any CPU.Build.0 = Release|Any CPU
		{3DE0581F-A455-4AF6-A29F-9F358F837152}.Debug|Any CPU.ActiveCfg = Debug|Any CPU
		{3DE0581F-A455-4AF6-A29F-9F358F837152}.Debug|Any CPU.Build.0 = Debug|Any CPU
		{3DE0581F-A455-4AF6-A29F-9F358F837152}.Release|Any CPU.ActiveCfg = Release|Any CPU
		{3DE0581F-A455-4AF6-A29F-9F358F837152}.Release|Any CPU.Build.0 = Release|Any CPU
		{BB071AB8-6302-415B-A8AF-B325FE2D7C37}.Debug|Any CPU.ActiveCfg = Debug|Any CPU
		{BB071AB8-6302-415B-A8AF-B325FE2D7C37}.Debug|Any CPU.Build.0 = Debug|Any CPU
		{BB071AB8-6302-415B-A8AF-B325FE2D7C37}.Release|Any CPU.ActiveCfg = Release|Any CPU
		{BB071AB8-6302-415B-A8AF-B325FE2D7C37}.Release|Any CPU.Build.0 = Release|Any CPU
		{89FC13D4-7261-4C1B-8359-D0666B289336}.Debug|Any CPU.ActiveCfg = Debug|Any CPU
		{89FC13D4-7261-4C1B-8359-D0666B289336}.Debug|Any CPU.Build.0 = Debug|Any CPU
		{89FC13D4-7261-4C1B-8359-D0666B289336}.Release|Any CPU.ActiveCfg = Release|Any CPU
		{89FC13D4-7261-4C1B-8359-D0666B289336}.Release|Any CPU.Build.0 = Release|Any CPU
		{EBAF97A7-1163-407C-A3F1-9C37202631C1}.Debug|Any CPU.ActiveCfg = Debug|Any CPU
		{EBAF97A7-1163-407C-A3F1-9C37202631C1}.Debug|Any CPU.Build.0 = Debug|Any CPU
		{EBAF97A7-1163-407C-A3F1-9C37202631C1}.Release|Any CPU.ActiveCfg = Release|Any CPU
		{EBAF97A7-1163-407C-A3F1-9C37202631C1}.Release|Any CPU.Build.0 = Release|Any CPU
		{F069ECE1-2DEE-4568-BA74-5BFF637DD37A}.Debug|Any CPU.ActiveCfg = Debug|Any CPU
		{F069ECE1-2DEE-4568-BA74-5BFF637DD37A}.Debug|Any CPU.Build.0 = Debug|Any CPU
		{F069ECE1-2DEE-4568-BA74-5BFF637DD37A}.Release|Any CPU.ActiveCfg = Release|Any CPU
		{F069ECE1-2DEE-4568-BA74-5BFF637DD37A}.Release|Any CPU.Build.0 = Release|Any CPU
	EndGlobalSection
	GlobalSection(SolutionProperties) = preSolution
		HideSolutionNode = FALSE
	EndGlobalSection
	GlobalSection(NestedProjects) = preSolution
		{75C7EE9F-486B-47D9-912B-32848AFE5A5A} = {D0DA0BE2-C895-452A-A885-F70FDE96F249}
		{D9BA82C0-6850-49D2-909E-81E830447D95} = {D0DA0BE2-C895-452A-A885-F70FDE96F249}
		{512CBAD5-C403-4102-8C6D-4406B0E7A8C6} = {D0DA0BE2-C895-452A-A885-F70FDE96F249}
		{E86C9EA4-32AF-40DC-B78A-DF003BB93DBE} = {EAC8E700-9B2A-4E7E-A8A8-A887A604E29F}
		{DB120688-BF43-40D2-9A35-908ED79B879E} = {2BB8E668-6B15-452B-8059-07F1837CB796}
		{4CBDBD8B-16DC-459C-A923-2C4AEACD2E12} = {FC146E41-1DFC-4A0A-BB94-C4D36D6B35CE}
		{FE433501-A52C-4F68-949C-D7F796467930} = {0E199412-0BF1-4E76-BD70-3A739A0438FF}
		{7E326EAA-4C98-4117-984F-30D6E402D7B6} = {0E199412-0BF1-4E76-BD70-3A739A0438FF}
		{B7B549F1-342A-4397-AA52-07681B029AC7} = {0E199412-0BF1-4E76-BD70-3A739A0438FF}
		{3DE0581F-A455-4AF6-A29F-9F358F837152} = {0E199412-0BF1-4E76-BD70-3A739A0438FF}
		{BB071AB8-6302-415B-A8AF-B325FE2D7C37} = {5BAF6D61-1DAC-4A2C-978A-3FB237BBC79E}
		{89FC13D4-7261-4C1B-8359-D0666B289336} = {5BAF6D61-1DAC-4A2C-978A-3FB237BBC79E}
		{EBAF97A7-1163-407C-A3F1-9C37202631C1} = {5BAF6D61-1DAC-4A2C-978A-3FB237BBC79E}
		{F069ECE1-2DEE-4568-BA74-5BFF637DD37A} = {AFB6B5EB-5E7C-4D95-AA03-A85B7B62F7D4}
	EndGlobalSection
	GlobalSection(ExtensibilityGlobals) = postSolution
		SolutionGuid = {33562D0C-15F4-45FE-A4F4-F0588C1EA021}
	EndGlobalSection
EndGlobal
